// !$*UTF8*$!
{
	archiveVersion = 1;
	classes = {
	};
	objectVersion = 56;
	objects = {

/* Begin PBXBuildFile section */
		7F40B5462BF181DC007EFF02 /* WeatherSwiftUiApp.swift in Sources */ = {isa = PBXBuildFile; fileRef = 7F40B5452BF181DC007EFF02 /* WeatherSwiftUiApp.swift */; };
		7F40B5482BF181DC007EFF02 /* ContentView.swift in Sources */ = {isa = PBXBuildFile; fileRef = 7F40B5472BF181DC007EFF02 /* ContentView.swift */; };
		7F40B54A2BF181DD007EFF02 /* Assets.xcassets in Resources */ = {isa = PBXBuildFile; fileRef = 7F40B5492BF181DD007EFF02 /* Assets.xcassets */; };
		7F40B54D2BF181DD007EFF02 /* Preview Assets.xcassets in Resources */ = {isa = PBXBuildFile; fileRef = 7F40B54C2BF181DD007EFF02 /* Preview Assets.xcassets */; };
		7F40B54F2BF181DD007EFF02 /* Persistence.swift in Sources */ = {isa = PBXBuildFile; fileRef = 7F40B54E2BF181DD007EFF02 /* Persistence.swift */; };
		7F40B5522BF181DD007EFF02 /* WeatherSwiftUi.xcdatamodeld in Sources */ = {isa = PBXBuildFile; fileRef = 7F40B5502BF181DD007EFF02 /* WeatherSwiftUi.xcdatamodeld */; };
		7F40B5602BF18BCE007EFF02 /* Weather.swift in Sources */ = {isa = PBXBuildFile; fileRef = 7F40B55F2BF18BCE007EFF02 /* Weather.swift */; };
		7F40B5632BF18C5A007EFF02 /* ApiManger.swift in Sources */ = {isa = PBXBuildFile; fileRef = 7F40B5622BF18C5A007EFF02 /* ApiManger.swift */; };
		7F40B5652BF27F4D007EFF02 /* LocationManger.swift in Sources */ = {isa = PBXBuildFile; fileRef = 7F40B5642BF27F4D007EFF02 /* LocationManger.swift */; };
		7F40B5672BF3CCE1007EFF02 /* HoursView.swift in Sources */ = {isa = PBXBuildFile; fileRef = 7F40B5662BF3CCE0007EFF02 /* HoursView.swift */; };
		7FC4F6B42BFBBA200009909C /* HomeViewModel.swift in Sources */ = {isa = PBXBuildFile; fileRef = 7FC4F6B32BFBBA200009909C /* HomeViewModel.swift */; };
		7FF800532BF66B7500E3E6FE /* Utilities.swift in Sources */ = {isa = PBXBuildFile; fileRef = 7FF800522BF66B7500E3E6FE /* Utilities.swift */; };
/* End PBXBuildFile section */

/* Begin PBXFileReference section */
		7F40B5422BF181DC007EFF02 /* WeatherSwiftUi.app */ = {isa = PBXFileReference; explicitFileType = wrapper.application; includeInIndex = 0; path = WeatherSwiftUi.app; sourceTree = BUILT_PRODUCTS_DIR; };
		7F40B5452BF181DC007EFF02 /* WeatherSwiftUiApp.swift */ = {isa = PBXFileReference; lastKnownFileType = sourcecode.swift; path = WeatherSwiftUiApp.swift; sourceTree = "<group>"; };
		7F40B5472BF181DC007EFF02 /* ContentView.swift */ = {isa = PBXFileReference; lastKnownFileType = sourcecode.swift; path = ContentView.swift; sourceTree = "<group>"; };
		7F40B5492BF181DD007EFF02 /* Assets.xcassets */ = {isa = PBXFileReference; lastKnownFileType = folder.assetcatalog; path = Assets.xcassets; sourceTree = "<group>"; };
		7F40B54C2BF181DD007EFF02 /* Preview Assets.xcassets */ = {isa = PBXFileReference; lastKnownFileType = folder.assetcatalog; path = "Preview Assets.xcassets"; sourceTree = "<group>"; };
		7F40B54E2BF181DD007EFF02 /* Persistence.swift */ = {isa = PBXFileReference; lastKnownFileType = sourcecode.swift; path = Persistence.swift; sourceTree = "<group>"; };
		7F40B5512BF181DD007EFF02 /* WeatherSwiftUi.xcdatamodel */ = {isa = PBXFileReference; lastKnownFileType = wrapper.xcdatamodel; path = WeatherSwiftUi.xcdatamodel; sourceTree = "<group>"; };
		7F40B55F2BF18BCE007EFF02 /* Weather.swift */ = {isa = PBXFileReference; lastKnownFileType = sourcecode.swift; path = Weather.swift; sourceTree = "<group>"; };
		7F40B5622BF18C5A007EFF02 /* ApiManger.swift */ = {isa = PBXFileReference; lastKnownFileType = sourcecode.swift; path = ApiManger.swift; sourceTree = "<group>"; };
		7F40B5642BF27F4D007EFF02 /* LocationManger.swift */ = {isa = PBXFileReference; lastKnownFileType = sourcecode.swift; path = LocationManger.swift; sourceTree = "<group>"; };
		7F40B5662BF3CCE0007EFF02 /* HoursView.swift */ = {isa = PBXFileReference; lastKnownFileType = sourcecode.swift; path = HoursView.swift; sourceTree = "<group>"; };
		7FC4F6B32BFBBA200009909C /* HomeViewModel.swift */ = {isa = PBXFileReference; lastKnownFileType = sourcecode.swift; path = HomeViewModel.swift; sourceTree = "<group>"; };
		7FF800522BF66B7500E3E6FE /* Utilities.swift */ = {isa = PBXFileReference; lastKnownFileType = sourcecode.swift; path = Utilities.swift; sourceTree = "<group>"; };
/* End PBXFileReference section */

/* Begin PBXFrameworksBuildPhase section */
		7F40B53F2BF181DC007EFF02 /* Frameworks */ = {
			isa = PBXFrameworksBuildPhase;
			buildActionMask = 2147483647;
			files = (
			);
			runOnlyForDeploymentPostprocessing = 0;
		};
/* End PBXFrameworksBuildPhase section */

/* Begin PBXGroup section */
		7F40B5392BF181DB007EFF02 = {
			isa = PBXGroup;
			children = (
				7F40B5442BF181DC007EFF02 /* WeatherSwiftUi */,
				7F40B5432BF181DC007EFF02 /* Products */,
			);
			sourceTree = "<group>";
		};
		7F40B5432BF181DC007EFF02 /* Products */ = {
			isa = PBXGroup;
			children = (
				7F40B5422BF181DC007EFF02 /* WeatherSwiftUi.app */,
			);
			name = Products;
			sourceTree = "<group>";
		};
		7F40B5442BF181DC007EFF02 /* WeatherSwiftUi */ = {
			isa = PBXGroup;
			children = (
				7FC4F6B22BFBBA000009909C /* ViewModel */,
				7FF800522BF66B7500E3E6FE /* Utilities.swift */,
				7F40B55E2BF18911007EFF02 /* View */,
				7F40B55C2BF18902007EFF02 /* Model */,
				7F40B5452BF181DC007EFF02 /* WeatherSwiftUiApp.swift */,
				7F40B5492BF181DD007EFF02 /* Assets.xcassets */,
				7F40B54E2BF181DD007EFF02 /* Persistence.swift */,
				7F40B5502BF181DD007EFF02 /* WeatherSwiftUi.xcdatamodeld */,
				7F40B54B2BF181DD007EFF02 /* Preview Content */,
			);
			path = WeatherSwiftUi;
			sourceTree = "<group>";
		};
		7F40B54B2BF181DD007EFF02 /* Preview Content */ = {
			isa = PBXGroup;
			children = (
				7F40B54C2BF181DD007EFF02 /* Preview Assets.xcassets */,
			);
			path = "Preview Content";
			sourceTree = "<group>";
		};
		7F40B55C2BF18902007EFF02 /* Model */ = {
			isa = PBXGroup;
			children = (
				7F40B5612BF18C13007EFF02 /* Service */,
				7F40B55F2BF18BCE007EFF02 /* Weather.swift */,
			);
			path = Model;
			sourceTree = "<group>";
		};
		7F40B55E2BF18911007EFF02 /* View */ = {
			isa = PBXGroup;
			children = (
				7F40B5472BF181DC007EFF02 /* ContentView.swift */,
				7F40B5662BF3CCE0007EFF02 /* HoursView.swift */,
			);
			path = View;
			sourceTree = "<group>";
		};
		7F40B5612BF18C13007EFF02 /* Service */ = {
			isa = PBXGroup;
			children = (
				7F40B5622BF18C5A007EFF02 /* ApiManger.swift */,
				7F40B5642BF27F4D007EFF02 /* LocationManger.swift */,
			);
			path = Service;
			sourceTree = "<group>";
		};
		7FC4F6B22BFBBA000009909C /* ViewModel */ = {
			isa = PBXGroup;
			children = (
				7FC4F6B32BFBBA200009909C /* HomeViewModel.swift */,
			);
			path = ViewModel;
			sourceTree = "<group>";
		};
/* End PBXGroup section */

/* Begin PBXNativeTarget section */
		7F40B5412BF181DC007EFF02 /* WeatherSwiftUi */ = {
			isa = PBXNativeTarget;
			buildConfigurationList = 7F40B5552BF181DD007EFF02 /* Build configuration list for PBXNativeTarget "WeatherSwiftUi" */;
			buildPhases = (
				7F40B53E2BF181DC007EFF02 /* Sources */,
				7F40B53F2BF181DC007EFF02 /* Frameworks */,
				7F40B5402BF181DC007EFF02 /* Resources */,
			);
			buildRules = (
			);
			dependencies = (
			);
			name = WeatherSwiftUi;
			productName = WeatherSwiftUi;
			productReference = 7F40B5422BF181DC007EFF02 /* WeatherSwiftUi.app */;
			productType = "com.apple.product-type.application";
		};
/* End PBXNativeTarget section */

/* Begin PBXProject section */
		7F40B53A2BF181DB007EFF02 /* Project object */ = {
			isa = PBXProject;
			attributes = {
				BuildIndependentTargetsInParallel = 1;
				LastSwiftUpdateCheck = 1530;
				LastUpgradeCheck = 1530;
				TargetAttributes = {
					7F40B5412BF181DC007EFF02 = {
						CreatedOnToolsVersion = 15.3;
					};
				};
			};
			buildConfigurationList = 7F40B53D2BF181DB007EFF02 /* Build configuration list for PBXProject "WeatherSwiftUi" */;
			compatibilityVersion = "Xcode 14.0";
			developmentRegion = en;
			hasScannedForEncodings = 0;
			knownRegions = (
				en,
				Base,
			);
			mainGroup = 7F40B5392BF181DB007EFF02;
			productRefGroup = 7F40B5432BF181DC007EFF02 /* Products */;
			projectDirPath = "";
			projectRoot = "";
			targets = (
				7F40B5412BF181DC007EFF02 /* WeatherSwiftUi */,
			);
		};
/* End PBXProject section */

/* Begin PBXResourcesBuildPhase section */
		7F40B5402BF181DC007EFF02 /* Resources */ = {
			isa = PBXResourcesBuildPhase;
			buildActionMask = 2147483647;
			files = (
				7F40B54D2BF181DD007EFF02 /* Preview Assets.xcassets in Resources */,
				7F40B54A2BF181DD007EFF02 /* Assets.xcassets in Resources */,
			);
			runOnlyForDeploymentPostprocessing = 0;
		};
/* End PBXResourcesBuildPhase section */

/* Begin PBXSourcesBuildPhase section */
		7F40B53E2BF181DC007EFF02 /* Sources */ = {
			isa = PBXSourcesBuildPhase;
			buildActionMask = 2147483647;
			files = (
				7F40B5652BF27F4D007EFF02 /* LocationManger.swift in Sources */,
				7F40B5632BF18C5A007EFF02 /* ApiManger.swift in Sources */,
				7F40B54F2BF181DD007EFF02 /* Persistence.swift in Sources */,
				7FC4F6B42BFBBA200009909C /* HomeViewModel.swift in Sources */,
				7F40B5482BF181DC007EFF02 /* ContentView.swift in Sources */,
				7F40B5522BF181DD007EFF02 /* WeatherSwiftUi.xcdatamodeld in Sources */,
				7F40B5462BF181DC007EFF02 /* WeatherSwiftUiApp.swift in Sources */,
				7FF800532BF66B7500E3E6FE /* Utilities.swift in Sources */,
				7F40B5672BF3CCE1007EFF02 /* HoursView.swift in Sources */,
				7F40B5602BF18BCE007EFF02 /* Weather.swift in Sources */,
			);
			runOnlyForDeploymentPostprocessing = 0;
		};
/* End PBXSourcesBuildPhase section */

/* Begin XCBuildConfiguration section */
		7F40B5532BF181DD007EFF02 /* Debug */ = {
			isa = XCBuildConfiguration;
			buildSettings = {
				ALWAYS_SEARCH_USER_PATHS = NO;
				ASSETCATALOG_COMPILER_GENERATE_SWIFT_ASSET_SYMBOL_EXTENSIONS = YES;
				CLANG_ANALYZER_NONNULL = YES;
				CLANG_ANALYZER_NUMBER_OBJECT_CONVERSION = YES_AGGRESSIVE;
				CLANG_CXX_LANGUAGE_STANDARD = "gnu++20";
				CLANG_ENABLE_MODULES = YES;
				CLANG_ENABLE_OBJC_ARC = YES;
				CLANG_ENABLE_OBJC_WEAK = YES;
				CLANG_WARN_BLOCK_CAPTURE_AUTORELEASING = YES;
				CLANG_WARN_BOOL_CONVERSION = YES;
				CLANG_WARN_COMMA = YES;
				CLANG_WARN_CONSTANT_CONVERSION = YES;
				CLANG_WARN_DEPRECATED_OBJC_IMPLEMENTATIONS = YES;
				CLANG_WARN_DIRECT_OBJC_ISA_USAGE = YES_ERROR;
				CLANG_WARN_DOCUMENTATION_COMMENTS = YES;
				CLANG_WARN_EMPTY_BODY = YES;
				CLANG_WARN_ENUM_CONVERSION = YES;
				CLANG_WARN_INFINITE_RECURSION = YES;
				CLANG_WARN_INT_CONVERSION = YES;
				CLANG_WARN_NON_LITERAL_NULL_CONVERSION = YES;
				CLANG_WARN_OBJC_IMPLICIT_RETAIN_SELF = YES;
				CLANG_WARN_OBJC_LITERAL_CONVERSION = YES;
				CLANG_WARN_OBJC_ROOT_CLASS = YES_ERROR;
				CLANG_WARN_QUOTED_INCLUDE_IN_FRAMEWORK_HEADER = YES;
				CLANG_WARN_RANGE_LOOP_ANALYSIS = YES;
				CLANG_WARN_STRICT_PROTOTYPES = YES;
				CLANG_WARN_SUSPICIOUS_MOVE = YES;
				CLANG_WARN_UNGUARDED_AVAILABILITY = YES_AGGRESSIVE;
				CLANG_WARN_UNREACHABLE_CODE = YES;
				CLANG_WARN__DUPLICATE_METHOD_MATCH = YES;
				COPY_PHASE_STRIP = NO;
				DEBUG_INFORMATION_FORMAT = dwarf;
				ENABLE_STRICT_OBJC_MSGSEND = YES;
				ENABLE_TESTABILITY = YES;
				ENABLE_USER_SCRIPT_SANDBOXING = YES;
				GCC_C_LANGUAGE_STANDARD = gnu17;
				GCC_DYNAMIC_NO_PIC = NO;
				GCC_NO_COMMON_BLOCKS = YES;
				GCC_OPTIMIZATION_LEVEL = 0;
				GCC_PREPROCESSOR_DEFINITIONS = (
					"DEBUG=1",
					"$(inherited)",
				);
				GCC_WARN_64_TO_32_BIT_CONVERSION = YES;
				GCC_WARN_ABOUT_RETURN_TYPE = YES_ERROR;
				GCC_WARN_UNDECLARED_SELECTOR = YES;
				GCC_WARN_UNINITIALIZED_AUTOS = YES_AGGRESSIVE;
				GCC_WARN_UNUSED_FUNCTION = YES;
				GCC_WARN_UNUSED_VARIABLE = YES;
				IPHONEOS_DEPLOYMENT_TARGET = 17.4;
				LOCALIZATION_PREFERS_STRING_CATALOGS = YES;
				MTL_ENABLE_DEBUG_INFO = INCLUDE_SOURCE;
				MTL_FAST_MATH = YES;
				ONLY_ACTIVE_ARCH = YES;
				SDKROOT = iphoneos;
				SWIFT_ACTIVE_COMPILATION_CONDITIONS = "DEBUG $(inherited)";
				SWIFT_OPTIMIZATION_LEVEL = "-Onone";
			};
			name = Debug;
		};
		7F40B5542BF181DD007EFF02 /* Release */ = {
			isa = XCBuildConfiguration;
			buildSettings = {
				ALWAYS_SEARCH_USER_PATHS = NO;
				ASSETCATALOG_COMPILER_GENERATE_SWIFT_ASSET_SYMBOL_EXTENSIONS = YES;
				CLANG_ANALYZER_NONNULL = YES;
				CLANG_ANALYZER_NUMBER_OBJECT_CONVERSION = YES_AGGRESSIVE;
				CLANG_CXX_LANGUAGE_STANDARD = "gnu++20";
				CLANG_ENABLE_MODULES = YES;
				CLANG_ENABLE_OBJC_ARC = YES;
				CLANG_ENABLE_OBJC_WEAK = YES;
				CLANG_WARN_BLOCK_CAPTURE_AUTORELEASING = YES;
				CLANG_WARN_BOOL_CONVERSION = YES;
				CLANG_WARN_COMMA = YES;
				CLANG_WARN_CONSTANT_CONVERSION = YES;
				CLANG_WARN_DEPRECATED_OBJC_IMPLEMENTATIONS = YES;
				CLANG_WARN_DIRECT_OBJC_ISA_USAGE = YES_ERROR;
				CLANG_WARN_DOCUMENTATION_COMMENTS = YES;
				CLANG_WARN_EMPTY_BODY = YES;
				CLANG_WARN_ENUM_CONVERSION = YES;
				CLANG_WARN_INFINITE_RECURSION = YES;
				CLANG_WARN_INT_CONVERSION = YES;
				CLANG_WARN_NON_LITERAL_NULL_CONVERSION = YES;
				CLANG_WARN_OBJC_IMPLICIT_RETAIN_SELF = YES;
				CLANG_WARN_OBJC_LITERAL_CONVERSION = YES;
				CLANG_WARN_OBJC_ROOT_CLASS = YES_ERROR;
				CLANG_WARN_QUOTED_INCLUDE_IN_FRAMEWORK_HEADER = YES;
				CLANG_WARN_RANGE_LOOP_ANALYSIS = YES;
				CLANG_WARN_STRICT_PROTOTYPES = YES;
				CLANG_WARN_SUSPICIOUS_MOVE = YES;
				CLANG_WARN_UNGUARDED_AVAILABILITY = YES_AGGRESSIVE;
				CLANG_WARN_UNREACHABLE_CODE = YES;
				CLANG_WARN__DUPLICATE_METHOD_MATCH = YES;
				COPY_PHASE_STRIP = NO;
				DEBUG_INFORMATION_FORMAT = "dwarf-with-dsym";
				ENABLE_NS_ASSERTIONS = NO;
				ENABLE_STRICT_OBJC_MSGSEND = YES;
				ENABLE_USER_SCRIPT_SANDBOXING = YES;
				GCC_C_LANGUAGE_STANDARD = gnu17;
				GCC_NO_COMMON_BLOCKS = YES;
				GCC_WARN_64_TO_32_BIT_CONVERSION = YES;
				GCC_WARN_ABOUT_RETURN_TYPE = YES_ERROR;
				GCC_WARN_UNDECLARED_SELECTOR = YES;
				GCC_WARN_UNINITIALIZED_AUTOS = YES_AGGRESSIVE;
				GCC_WARN_UNUSED_FUNCTION = YES;
				GCC_WARN_UNUSED_VARIABLE = YES;
				IPHONEOS_DEPLOYMENT_TARGET = 17.4;
				LOCALIZATION_PREFERS_STRING_CATALOGS = YES;
				MTL_ENABLE_DEBUG_INFO = NO;
				MTL_FAST_MATH = YES;
				SDKROOT = iphoneos;
				SWIFT_COMPILATION_MODE = wholemodule;
				VALIDATE_PRODUCT = YES;
			};
			name = Release;
		};
		7F40B5562BF181DD007EFF02 /* Debug */ = {
			isa = XCBuildConfiguration;
			buildSettings = {
				ASSETCATALOG_COMPILER_APPICON_NAME = AppIcon;
				ASSETCATALOG_COMPILER_GLOBAL_ACCENT_COLOR_NAME = AccentColor;
				CODE_SIGN_STYLE = Automatic;
				CURRENT_PROJECT_VERSION = 1;
				DEVELOPMENT_ASSET_PATHS = "\"WeatherSwiftUi/Preview Content\"";
				ENABLE_PREVIEWS = YES;
				GENERATE_INFOPLIST_FILE = YES;
				INFOPLIST_KEY_CFBundleDisplayName = "";
				INFOPLIST_KEY_LSApplicationCategoryType = "";
				INFOPLIST_KEY_NSLocationAlwaysAndWhenInUseUsageDescription = "This App reqiure access to location";
				INFOPLIST_KEY_NSLocationWhenInUseUsageDescription = "This App reqiure access to location";
				INFOPLIST_KEY_UIApplicationSceneManifest_Generation = YES;
				INFOPLIST_KEY_UIApplicationSupportsIndirectInputEvents = YES;
				INFOPLIST_KEY_UILaunchScreen_Generation = YES;
				INFOPLIST_KEY_UISupportedInterfaceOrientations_iPad = "UIInterfaceOrientationPortrait UIInterfaceOrientationPortraitUpsideDown UIInterfaceOrientationLandscapeLeft UIInterfaceOrientationLandscapeRight";
				INFOPLIST_KEY_UISupportedInterfaceOrientations_iPhone = "UIInterfaceOrientationPortrait UIInterfaceOrientationLandscapeLeft UIInterfaceOrientationLandscapeRight";
				LD_RUNPATH_SEARCH_PATHS = (
					"$(inherited)",
					"@executable_path/Frameworks",
				);
				MARKETING_VERSION = 1.0;
				PRODUCT_BUNDLE_IDENTIFIER = com.iti.WeatherSwiftUi;
				PRODUCT_NAME = "$(TARGET_NAME)";
				SWIFT_EMIT_LOC_STRINGS = YES;
				SWIFT_VERSION = 5.0;
				TARGETED_DEVICE_FAMILY = "1,2";
			};
			name = Debug;
		};
		7F40B5572BF181DD007EFF02 /* Release */ = {
			isa = XCBuildConfiguration;
			buildSettings = {
				ASSETCATALOG_COMPILER_APPICON_NAME = AppIcon;
				ASSETCATALOG_COMPILER_GLOBAL_ACCENT_COLOR_NAME = AccentColor;
				CODE_SIGN_STYLE = Automatic;
				CURRENT_PROJECT_VERSION = 1;
				DEVELOPMENT_ASSET_PATHS = "\"WeatherSwiftUi/Preview Content\"";
				ENABLE_PREVIEWS = YES;
				GENERATE_INFOPLIST_FILE = YES;
				INFOPLIST_KEY_CFBundleDisplayName = "";
				INFOPLIST_KEY_LSApplicationCategoryType = "";
				INFOPLIST_KEY_NSLocationAlwaysAndWhenInUseUsageDescription = "This App reqiure access to location";
				INFOPLIST_KEY_NSLocationWhenInUseUsageDescription = "This App reqiure access to location";
				INFOPLIST_KEY_UIApplicationSceneManifest_Generation = YES;
				INFOPLIST_KEY_UIApplicationSupportsIndirectInputEvents = YES;
				INFOPLIST_KEY_UILaunchScreen_Generation = YES;
				INFOPLIST_KEY_UISupportedInterfaceOrientations_iPad = "UIInterfaceOrientationPortrait UIInterfaceOrientationPortraitUpsideDown UIInterfaceOrientationLandscapeLeft UIInterfaceOrientationLandscapeRight";
				INFOPLIST_KEY_UISupportedInterfaceOrientations_iPhone = "UIInterfaceOrientationPortrait UIInterfaceOrientationLandscapeLeft UIInterfaceOrientationLandscapeRight";
				LD_RUNPATH_SEARCH_PATHS = (
					"$(inherited)",
					"@executable_path/Frameworks",
				);
				MARKETING_VERSION = 1.0;
				PRODUCT_BUNDLE_IDENTIFIER = com.iti.WeatherSwiftUi;
				PRODUCT_NAME = "$(TARGET_NAME)";
				SWIFT_EMIT_LOC_STRINGS = YES;
				SWIFT_VERSION = 5.0;
				TARGETED_DEVICE_FAMILY = "1,2";
			};
			name = Release;
		};
/* End XCBuildConfiguration section */

/* Begin XCConfigurationList section */
		7F40B53D2BF181DB007EFF02 /* Build configuration list for PBXProject "WeatherSwiftUi" */ = {
			isa = XCConfigurationList;
			buildConfigurations = (
				7F40B5532BF181DD007EFF02 /* Debug */,
				7F40B5542BF181DD007EFF02 /* Release */,
			);
			defaultConfigurationIsVisible = 0;
			defaultConfigurationName = Release;
		};
		7F40B5552BF181DD007EFF02 /* Build configuration list for PBXNativeTarget "WeatherSwiftUi" */ = {
			isa = XCConfigurationList;
			buildConfigurations = (
				7F40B5562BF181DD007EFF02 /* Debug */,
				7F40B5572BF181DD007EFF02 /* Release */,
			);
			defaultConfigurationIsVisible = 0;
			defaultConfigurationName = Release;
		};
/* End XCConfigurationList section */

/* Begin XCVersionGroup section */
		7F40B5502BF181DD007EFF02 /* WeatherSwiftUi.xcdatamodeld */ = {
			isa = XCVersionGroup;
			children = (
				7F40B5512BF181DD007EFF02 /* WeatherSwiftUi.xcdatamodel */,
			);
			currentVersion = 7F40B5512BF181DD007EFF02 /* WeatherSwiftUi.xcdatamodel */;
			path = WeatherSwiftUi.xcdatamodeld;
			sourceTree = "<group>";
			versionGroupType = wrapper.xcdatamodel;
		};
/* End XCVersionGroup section */
	};
	rootObject = 7F40B53A2BF181DB007EFF02 /* Project object */;
}
